
Microsoft Visual Studio Solution File, Format Version 12.00
# Visual Studio Version 17
VisualStudioVersion = 17.8.34309.116
MinimumVisualStudioVersion = 10.0.40219.1
Project("{FAE04EC0-301F-11D3-BF4B-00C04F79EFBC}") = "FileFinderV2", "FileFinderV2\FileFinderV2.csproj", "{8E4E0DAB-3EFA-4AA1-B7CB-D40E75F4826C}"
EndProject
Global
	GlobalSection(SolutionConfigurationPlatforms) = preSolution
		Debug|Any CPU = Debug|Any CPU
		Release|Any CPU = Release|Any CPU
	EndGlobalSection
	GlobalSection(ProjectConfigurationPlatforms) = postSolution
		{8E4E0DAB-3EFA-4AA1-B7CB-D40E75F4826C}.Debug|Any CPU.ActiveCfg = Debug|Any CPU
		{8E4E0DAB-3EFA-4AA1-B7CB-D40E75F4826C}.Debug|Any CPU.Build.0 = Debug|Any CPU
		{8E4E0DAB-3EFA-4AA1-B7CB-D40E75F4826C}.Release|Any CPU.ActiveCfg = Release|Any CPU
		{8E4E0DAB-3EFA-4AA1-B7CB-D40E75F4826C}.Release|Any CPU.Build.0 = Release|Any CPU
	EndGlobalSection
	GlobalSection(SolutionProperties) = preSolution
		HideSolutionNode = FALSE
	EndGlobalSection
	GlobalSection(ExtensibilityGlobals) = postSolution
		SolutionGuid = {72966D04-D6CB-4ADA-B8BF-1ED56E565E31}
	EndGlobalSection
EndGlobal
